// !$*UTF8*$!
{
	archiveVersion = 1;
	classes = {
	};
	objectVersion = 51;
	objects = {

/* Begin PBXBuildFile section */
		527EB39E236DF1EA00FD7F5F /* PieTestData.swift in Sources */ = {isa = PBXBuildFile; fileRef = 527EB39D236DF1EA00FD7F5F /* PieTestData.swift */; };
		52F29F4D236DE87500DDEA9E /* Cody.storyboard in Resources */ = {isa = PBXBuildFile; fileRef = 52F29F4B236DE87500DDEA9E /* Cody.storyboard */; };
		890BFFD46CF27955F4E32B7A /* Pods_Roomies.framework in Frameworks */ = {isa = PBXBuildFile; fileRef = 5AD8DE0F7D87F74310E47D90 /* Pods_Roomies.framework */; };
		8A1A86F4236D3C2C009D1D02 /* AppDelegate.swift in Sources */ = {isa = PBXBuildFile; fileRef = 8A1A86F3236D3C2C009D1D02 /* AppDelegate.swift */; };
		8A1A86F6236D3C2C009D1D02 /* SceneDelegate.swift in Sources */ = {isa = PBXBuildFile; fileRef = 8A1A86F5236D3C2C009D1D02 /* SceneDelegate.swift */; };
		8A1A86F8236D3C2C009D1D02 /* DashboardViewController.swift in Sources */ = {isa = PBXBuildFile; fileRef = 8A1A86F7236D3C2C009D1D02 /* DashboardViewController.swift */; };
		8A1A86FB236D3C2C009D1D02 /* Main.storyboard in Resources */ = {isa = PBXBuildFile; fileRef = 8A1A86F9236D3C2C009D1D02 /* Main.storyboard */; };
		8A1A86FD236D3C2F009D1D02 /* Assets.xcassets in Resources */ = {isa = PBXBuildFile; fileRef = 8A1A86FC236D3C2F009D1D02 /* Assets.xcassets */; };
		8A1A8700236D3C2F009D1D02 /* LaunchScreen.storyboard in Resources */ = {isa = PBXBuildFile; fileRef = 8A1A86FE236D3C2F009D1D02 /* LaunchScreen.storyboard */; };
		8A1A8711236D4583009D1D02 /* GoogleService-Info.plist in Resources */ = {isa = PBXBuildFile; fileRef = 8A1A8710236D4583009D1D02 /* GoogleService-Info.plist */; };
		8A1A8713236D4B48009D1D02 /* AppUser.swift in Sources */ = {isa = PBXBuildFile; fileRef = 8A1A8712236D4B48009D1D02 /* AppUser.swift */; };
		8A1A8716236D4F79009D1D02 /* AppUserProtocol.swift in Sources */ = {isa = PBXBuildFile; fileRef = 8A1A8715236D4F79009D1D02 /* AppUserProtocol.swift */; };
		8A1A8718236D4FB8009D1D02 /* BaseItemProtocol.swift in Sources */ = {isa = PBXBuildFile; fileRef = 8A1A8717236D4FB8009D1D02 /* BaseItemProtocol.swift */; };
		8A1A871A236D5091009D1D02 /* Bill.swift in Sources */ = {isa = PBXBuildFile; fileRef = 8A1A8719236D5091009D1D02 /* Bill.swift */; };
		8A1A871C236D50EA009D1D02 /* BillProtocol.swift in Sources */ = {isa = PBXBuildFile; fileRef = 8A1A871B236D50EA009D1D02 /* BillProtocol.swift */; };
		8A1A8720236D531E009D1D02 /* ChoreProtocol.swift in Sources */ = {isa = PBXBuildFile; fileRef = 8A1A871F236D531E009D1D02 /* ChoreProtocol.swift */; };
		8A1A8722236D537D009D1D02 /* Grocery.swift in Sources */ = {isa = PBXBuildFile; fileRef = 8A1A8721236D537D009D1D02 /* Grocery.swift */; };
		8A1A8724236D53BC009D1D02 /* CommentedItemProtocol.swift in Sources */ = {isa = PBXBuildFile; fileRef = 8A1A8723236D53BC009D1D02 /* CommentedItemProtocol.swift */; };
		8A1A8726236D53F6009D1D02 /* MiscellaneousItem.swift in Sources */ = {isa = PBXBuildFile; fileRef = 8A1A8725236D53F6009D1D02 /* MiscellaneousItem.swift */; };
		8A1A872F236D6B16009D1D02 /* AuthorizationResult.swift in Sources */ = {isa = PBXBuildFile; fileRef = 8A1A872E236D6B16009D1D02 /* AuthorizationResult.swift */; };
		8A5D6460236DE8460060C6BC /* Arielle.storyboard in Resources */ = {isa = PBXBuildFile; fileRef = 8A5D645E236DE8460060C6BC /* Arielle.storyboard */; };
		8A6C1808236D8C3800816239 /* BaseItem.swift in Sources */ = {isa = PBXBuildFile; fileRef = 8A6C1807236D8C3800816239 /* BaseItem.swift */; };
		8A6C1809236D8C4300816239 /* UserService.swift in Sources */ = {isa = PBXBuildFile; fileRef = 8A1A8729236D57B3009D1D02 /* UserService.swift */; };
		8A6C180B236DBB2900816239 /* LivingSpaceService.swift in Sources */ = {isa = PBXBuildFile; fileRef = 8A6C180A236DBB2900816239 /* LivingSpaceService.swift */; };
		8A6C180D236DBCA700816239 /* LivingSpace.swift in Sources */ = {isa = PBXBuildFile; fileRef = 8A6C180C236DBCA700816239 /* LivingSpace.swift */; };
		8A6C180F236DBCDE00816239 /* LivingSpaceProtocol.swift in Sources */ = {isa = PBXBuildFile; fileRef = 8A6C180E236DBCDE00816239 /* LivingSpaceProtocol.swift */; };
		8A6C1811236DBD3700816239 /* BulletinBoard.swift in Sources */ = {isa = PBXBuildFile; fileRef = 8A6C1810236DBD3700816239 /* BulletinBoard.swift */; };
		8A6C1813236DBD9F00816239 /* BulletinBoardProtocol.swift in Sources */ = {isa = PBXBuildFile; fileRef = 8A6C1812236DBD9F00816239 /* BulletinBoardProtocol.swift */; };
		8A6C1815236DBDED00816239 /* ItemType.swift in Sources */ = {isa = PBXBuildFile; fileRef = 8A6C1814236DBDED00816239 /* ItemType.swift */; };
		8A6C1817236DC98300816239 /* PhysicalAddress.swift in Sources */ = {isa = PBXBuildFile; fileRef = 8A6C1816236DC98300816239 /* PhysicalAddress.swift */; };
		8A6C1819236DCA8200816239 /* PhysicalAddressProtocol.swift in Sources */ = {isa = PBXBuildFile; fileRef = 8A6C1818236DCA8200816239 /* PhysicalAddressProtocol.swift */; };
		8A6C181B236DCFA900816239 /* DataError.swift in Sources */ = {isa = PBXBuildFile; fileRef = 8A6C181A236DCFA900816239 /* DataError.swift */; };
		8A6C181E236DF27400816239 /* LivingSpaceListViewController.swift in Sources */ = {isa = PBXBuildFile; fileRef = 8A6C181D236DF27400816239 /* LivingSpaceListViewController.swift */; };
		8A6C1820236E002F00816239 /* ChoresService.swift in Sources */ = {isa = PBXBuildFile; fileRef = 8A6C181F236E002F00816239 /* ChoresService.swift */; };
/* End PBXBuildFile section */

/* Begin PBXCopyFilesBuildPhase section */
		5223A620236DD29C00E3CBB3 /* Embed Frameworks */ = {
			isa = PBXCopyFilesBuildPhase;
			buildActionMask = 2147483647;
			dstPath = "";
			dstSubfolderSpec = 10;
			files = (
			);
			name = "Embed Frameworks";
			runOnlyForDeploymentPostprocessing = 0;
		};
/* End PBXCopyFilesBuildPhase section */

/* Begin PBXFileReference section */
		330709A13BC15D0165F4EB9B /* Pods-Roomies.release.xcconfig */ = {isa = PBXFileReference; includeInIndex = 1; lastKnownFileType = text.xcconfig; name = "Pods-Roomies.release.xcconfig"; path = "Target Support Files/Pods-Roomies/Pods-Roomies.release.xcconfig"; sourceTree = "<group>"; };
		5230C93C236D7E26008ACBC8 /* ObjectMapper+Firebase.swift */ = {isa = PBXFileReference; fileEncoding = 4; lastKnownFileType = sourcecode.swift; name = "ObjectMapper+Firebase.swift"; path = "../../../../.Trash/ObjectMapper+Firebase.swift"; sourceTree = "<group>"; };
		527EB39D236DF1EA00FD7F5F /* PieTestData.swift */ = {isa = PBXFileReference; lastKnownFileType = sourcecode.swift; path = PieTestData.swift; sourceTree = "<group>"; };
		52F29F49236DDE8300DDEA9E /* Charts.framework */ = {isa = PBXFileReference; explicitFileType = wrapper.framework; path = Charts.framework; sourceTree = BUILT_PRODUCTS_DIR; };
		5AD8DE0F7D87F74310E47D90 /* Pods_Roomies.framework */ = {isa = PBXFileReference; explicitFileType = wrapper.framework; includeInIndex = 0; path = Pods_Roomies.framework; sourceTree = BUILT_PRODUCTS_DIR; };
		7E38A93030A87F57F170C749 /* Pods-Roomies.debug.xcconfig */ = {isa = PBXFileReference; includeInIndex = 1; lastKnownFileType = text.xcconfig; name = "Pods-Roomies.debug.xcconfig"; path = "Target Support Files/Pods-Roomies/Pods-Roomies.debug.xcconfig"; sourceTree = "<group>"; };
		8A1A86F0236D3C2C009D1D02 /* Roomies.app */ = {isa = PBXFileReference; explicitFileType = wrapper.application; includeInIndex = 0; path = Roomies.app; sourceTree = BUILT_PRODUCTS_DIR; };
		8A1A86F3236D3C2C009D1D02 /* AppDelegate.swift */ = {isa = PBXFileReference; lastKnownFileType = sourcecode.swift; path = AppDelegate.swift; sourceTree = "<group>"; };
		8A1A86F5236D3C2C009D1D02 /* SceneDelegate.swift */ = {isa = PBXFileReference; lastKnownFileType = sourcecode.swift; path = SceneDelegate.swift; sourceTree = "<group>"; };
		8A1A86F7236D3C2C009D1D02 /* DashboardViewController.swift */ = {isa = PBXFileReference; lastKnownFileType = sourcecode.swift; path = DashboardViewController.swift; sourceTree = "<group>"; };
		8A1A86FA236D3C2C009D1D02 /* Base */ = {isa = PBXFileReference; lastKnownFileType = file.storyboard; name = Base; path = Base.lproj/Main.storyboard; sourceTree = "<group>"; };
		8A1A86FC236D3C2F009D1D02 /* Assets.xcassets */ = {isa = PBXFileReference; lastKnownFileType = folder.assetcatalog; path = Assets.xcassets; sourceTree = "<group>"; };
		8A1A86FF236D3C2F009D1D02 /* Base */ = {isa = PBXFileReference; lastKnownFileType = file.storyboard; name = Base; path = Base.lproj/LaunchScreen.storyboard; sourceTree = "<group>"; };
		8A1A8701236D3C2F009D1D02 /* Info.plist */ = {isa = PBXFileReference; lastKnownFileType = text.plist.xml; path = Info.plist; sourceTree = "<group>"; };
		8A1A8710236D4583009D1D02 /* GoogleService-Info.plist */ = {isa = PBXFileReference; fileEncoding = 4; lastKnownFileType = text.plist.xml; path = "GoogleService-Info.plist"; sourceTree = "<group>"; };
		8A1A8712236D4B48009D1D02 /* AppUser.swift */ = {isa = PBXFileReference; lastKnownFileType = sourcecode.swift; path = AppUser.swift; sourceTree = "<group>"; };
		8A1A8715236D4F79009D1D02 /* AppUserProtocol.swift */ = {isa = PBXFileReference; lastKnownFileType = sourcecode.swift; path = AppUserProtocol.swift; sourceTree = "<group>"; };
		8A1A8717236D4FB8009D1D02 /* BaseItemProtocol.swift */ = {isa = PBXFileReference; lastKnownFileType = sourcecode.swift; path = BaseItemProtocol.swift; sourceTree = "<group>"; };
		8A1A8719236D5091009D1D02 /* Bill.swift */ = {isa = PBXFileReference; lastKnownFileType = sourcecode.swift; path = Bill.swift; sourceTree = "<group>"; };
		8A1A871B236D50EA009D1D02 /* BillProtocol.swift */ = {isa = PBXFileReference; lastKnownFileType = sourcecode.swift; path = BillProtocol.swift; sourceTree = "<group>"; };
		8A1A871D236D5252009D1D02 /* Chore.swift */ = {isa = PBXFileReference; lastKnownFileType = sourcecode.swift; path = Chore.swift; sourceTree = "<group>"; };
		8A1A871F236D531E009D1D02 /* ChoreProtocol.swift */ = {isa = PBXFileReference; lastKnownFileType = sourcecode.swift; path = ChoreProtocol.swift; sourceTree = "<group>"; };
		8A1A8721236D537D009D1D02 /* Grocery.swift */ = {isa = PBXFileReference; lastKnownFileType = sourcecode.swift; path = Grocery.swift; sourceTree = "<group>"; };
		8A1A8723236D53BC009D1D02 /* CommentedItemProtocol.swift */ = {isa = PBXFileReference; lastKnownFileType = sourcecode.swift; path = CommentedItemProtocol.swift; sourceTree = "<group>"; };
		8A1A8725236D53F6009D1D02 /* MiscellaneousItem.swift */ = {isa = PBXFileReference; lastKnownFileType = sourcecode.swift; path = MiscellaneousItem.swift; sourceTree = "<group>"; };
		8A1A8729236D57B3009D1D02 /* UserService.swift */ = {isa = PBXFileReference; lastKnownFileType = sourcecode.swift; path = UserService.swift; sourceTree = "<group>"; };
		8A1A872E236D6B16009D1D02 /* AuthorizationResult.swift */ = {isa = PBXFileReference; lastKnownFileType = sourcecode.swift; path = AuthorizationResult.swift; sourceTree = "<group>"; };
		8A5D645F236DE8460060C6BC /* Base */ = {isa = PBXFileReference; lastKnownFileType = file.storyboard; name = Base; path = Base.lproj/Arielle.storyboard; sourceTree = "<group>"; };
		8A6C1804236D840100816239 /* yeet.png */ = {isa = PBXFileReference; lastKnownFileType = image.png; path = yeet.png; sourceTree = "<group>"; };
		8A6C1807236D8C3800816239 /* BaseItem.swift */ = {isa = PBXFileReference; fileEncoding = 4; lastKnownFileType = sourcecode.swift; path = BaseItem.swift; sourceTree = "<group>"; };
		8A6C180A236DBB2900816239 /* LivingSpaceService.swift */ = {isa = PBXFileReference; lastKnownFileType = sourcecode.swift; path = LivingSpaceService.swift; sourceTree = "<group>"; };
		8A6C180C236DBCA700816239 /* LivingSpace.swift */ = {isa = PBXFileReference; lastKnownFileType = sourcecode.swift; path = LivingSpace.swift; sourceTree = "<group>"; };
		8A6C180E236DBCDE00816239 /* LivingSpaceProtocol.swift */ = {isa = PBXFileReference; lastKnownFileType = sourcecode.swift; path = LivingSpaceProtocol.swift; sourceTree = "<group>"; };
		8A6C1810236DBD3700816239 /* BulletinBoard.swift */ = {isa = PBXFileReference; lastKnownFileType = sourcecode.swift; path = BulletinBoard.swift; sourceTree = "<group>"; };
		8A6C1812236DBD9F00816239 /* BulletinBoardProtocol.swift */ = {isa = PBXFileReference; lastKnownFileType = sourcecode.swift; path = BulletinBoardProtocol.swift; sourceTree = "<group>"; };
		8A6C1814236DBDED00816239 /* ItemType.swift */ = {isa = PBXFileReference; lastKnownFileType = sourcecode.swift; path = ItemType.swift; sourceTree = "<group>"; };
		8A6C1816236DC98300816239 /* PhysicalAddress.swift */ = {isa = PBXFileReference; lastKnownFileType = sourcecode.swift; path = PhysicalAddress.swift; sourceTree = "<group>"; };
		8A6C1818236DCA8200816239 /* PhysicalAddressProtocol.swift */ = {isa = PBXFileReference; lastKnownFileType = sourcecode.swift; path = PhysicalAddressProtocol.swift; sourceTree = "<group>"; };
		8A6C181A236DCFA900816239 /* DataError.swift */ = {isa = PBXFileReference; lastKnownFileType = sourcecode.swift; path = DataError.swift; sourceTree = "<group>"; };
		8A6C181D236DF27400816239 /* LivingSpaceListViewController.swift */ = {isa = PBXFileReference; lastKnownFileType = sourcecode.swift; path = LivingSpaceListViewController.swift; sourceTree = "<group>"; };
		8A6C181F236E002F00816239 /* ChoresService.swift */ = {isa = PBXFileReference; lastKnownFileType = sourcecode.swift; path = ChoresService.swift; sourceTree = "<group>"; };
/* End PBXFileReference section */

/* Begin PBXFrameworksBuildPhase section */
		8A1A86ED236D3C2C009D1D02 /* Frameworks */ = {
			isa = PBXFrameworksBuildPhase;
			buildActionMask = 2147483647;
			files = (
				890BFFD46CF27955F4E32B7A /* Pods_Roomies.framework in Frameworks */,
			);
			runOnlyForDeploymentPostprocessing = 0;
		};
/* End PBXFrameworksBuildPhase section */

/* Begin PBXGroup section */
		2F759D619562ABD061A5CEEF /* Frameworks */ = {
			isa = PBXGroup;
			children = (
				52F29F49236DDE8300DDEA9E /* Charts.framework */,
				5AD8DE0F7D87F74310E47D90 /* Pods_Roomies.framework */,
			);
			name = Frameworks;
			sourceTree = "<group>";
		};
		52F29F4E236DE90400DDEA9E /* Storyboards */ = {
			isa = PBXGroup;
			children = (
				8A5D645E236DE8460060C6BC /* Arielle.storyboard */,
			);
			path = Storyboards;
			sourceTree = "<group>";
		};
		811E79F6B3415A43AFE68BC1 /* Pods */ = {
			isa = PBXGroup;
			children = (
				7E38A93030A87F57F170C749 /* Pods-Roomies.debug.xcconfig */,
				330709A13BC15D0165F4EB9B /* Pods-Roomies.release.xcconfig */,
			);
			path = Pods;
			sourceTree = "<group>";
		};
		8A1A86E7236D3C2C009D1D02 = {
			isa = PBXGroup;
			children = (
				8A1A86F2236D3C2C009D1D02 /* Roomies */,
				8A1A86F1236D3C2C009D1D02 /* Products */,
				811E79F6B3415A43AFE68BC1 /* Pods */,
				2F759D619562ABD061A5CEEF /* Frameworks */,
				8A6C1806236D8B3600816239 /* Recovered References */,
			);
			sourceTree = "<group>";
		};
		8A1A86F1236D3C2C009D1D02 /* Products */ = {
			isa = PBXGroup;
			children = (
				8A1A86F0236D3C2C009D1D02 /* Roomies.app */,
			);
			name = Products;
			sourceTree = "<group>";
		};
		8A1A86F2236D3C2C009D1D02 /* Roomies */ = {
			isa = PBXGroup;
			children = (
				8A6C181C236DF21900816239 /* View Controllers */,
				8A6C1804236D840100816239 /* yeet.png */,
				8A1A8727236D552C009D1D02 /* Firebase */,
				8A1A86F3236D3C2C009D1D02 /* AppDelegate.swift */,
				8A1A86F5236D3C2C009D1D02 /* SceneDelegate.swift */,
				8A1A86F7236D3C2C009D1D02 /* DashboardViewController.swift */,
				527EB39D236DF1EA00FD7F5F /* PieTestData.swift */,
				8A1A86F9236D3C2C009D1D02 /* Main.storyboard */,
				52F29F4E236DE90400DDEA9E /* Storyboards */,
				8A1A86FC236D3C2F009D1D02 /* Assets.xcassets */,
				8A1A86FE236D3C2F009D1D02 /* LaunchScreen.storyboard */,
				8A1A8701236D3C2F009D1D02 /* Info.plist */,
			);
			path = Roomies;
			sourceTree = "<group>";
		};
		8A1A8707236D4291009D1D02 /* Models */ = {
			isa = PBXGroup;
			children = (
				8A6C1807236D8C3800816239 /* BaseItem.swift */,
				8A1A8712236D4B48009D1D02 /* AppUser.swift */,
				8A1A8719236D5091009D1D02 /* Bill.swift */,
				8A1A871D236D5252009D1D02 /* Chore.swift */,
				8A1A8721236D537D009D1D02 /* Grocery.swift */,
				8A1A8725236D53F6009D1D02 /* MiscellaneousItem.swift */,
				8A6C180C236DBCA700816239 /* LivingSpace.swift */,
				8A6C1810236DBD3700816239 /* BulletinBoard.swift */,
				8A6C1816236DC98300816239 /* PhysicalAddress.swift */,
			);
			path = Models;
			sourceTree = "<group>";
		};
		8A1A870F236D4578009D1D02 /* Configuration */ = {
			isa = PBXGroup;
			children = (
				8A1A8710236D4583009D1D02 /* GoogleService-Info.plist */,
			);
			path = Configuration;
			sourceTree = "<group>";
		};
		8A1A8714236D4F6F009D1D02 /* Protocols */ = {
			isa = PBXGroup;
			children = (
				8A1A8715236D4F79009D1D02 /* AppUserProtocol.swift */,
				8A1A8717236D4FB8009D1D02 /* BaseItemProtocol.swift */,
				8A1A871B236D50EA009D1D02 /* BillProtocol.swift */,
				8A1A871F236D531E009D1D02 /* ChoreProtocol.swift */,
				8A1A8723236D53BC009D1D02 /* CommentedItemProtocol.swift */,
				8A6C180E236DBCDE00816239 /* LivingSpaceProtocol.swift */,
				8A6C1812236DBD9F00816239 /* BulletinBoardProtocol.swift */,
				8A6C1818236DCA8200816239 /* PhysicalAddressProtocol.swift */,
			);
			path = Protocols;
			sourceTree = "<group>";
		};
		8A1A8727236D552C009D1D02 /* Firebase */ = {
			isa = PBXGroup;
			children = (
				8A1A872D236D6AFE009D1D02 /* Miscellaneous */,
				8A1A8728236D574E009D1D02 /* Services */,
				8A1A8707236D4291009D1D02 /* Models */,
				8A1A8714236D4F6F009D1D02 /* Protocols */,
				8A1A870F236D4578009D1D02 /* Configuration */,
			);
			path = Firebase;
			sourceTree = "<group>";
		};
		8A1A8728236D574E009D1D02 /* Services */ = {
			isa = PBXGroup;
			children = (
				8A1A8729236D57B3009D1D02 /* UserService.swift */,
				8A6C180A236DBB2900816239 /* LivingSpaceService.swift */,
				8A6C181F236E002F00816239 /* ChoresService.swift */,
			);
			path = Services;
			sourceTree = "<group>";
		};
		8A1A872D236D6AFE009D1D02 /* Miscellaneous */ = {
			isa = PBXGroup;
			children = (
				8A1A872E236D6B16009D1D02 /* AuthorizationResult.swift */,
				8A6C1814236DBDED00816239 /* ItemType.swift */,
				8A6C181A236DCFA900816239 /* DataError.swift */,
			);
			path = Miscellaneous;
			sourceTree = "<group>";
		};
		8A6C1806236D8B3600816239 /* Recovered References */ = {
			isa = PBXGroup;
			children = (
				5230C93C236D7E26008ACBC8 /* ObjectMapper+Firebase.swift */,
			);
			name = "Recovered References";
			sourceTree = "<group>";
		};
		8A6C181C236DF21900816239 /* View Controllers */ = {
			isa = PBXGroup;
			children = (
				8A6C181D236DF27400816239 /* LivingSpaceListViewController.swift */,
			);
			path = "View Controllers";
			sourceTree = "<group>";
		};
/* End PBXGroup section */

/* Begin PBXNativeTarget section */
		8A1A86EF236D3C2C009D1D02 /* Roomies */ = {
			isa = PBXNativeTarget;
			buildConfigurationList = 8A1A8704236D3C2F009D1D02 /* Build configuration list for PBXNativeTarget "Roomies" */;
			buildPhases = (
				5BE50CA55B855E5BB1DE0C9A /* [CP] Check Pods Manifest.lock */,
				8A1A86EC236D3C2C009D1D02 /* Sources */,
				8A1A86ED236D3C2C009D1D02 /* Frameworks */,
				8A1A86EE236D3C2C009D1D02 /* Resources */,
				1B8295EE6E60188EAEAAB11C /* [CP] Embed Pods Frameworks */,
				5223A620236DD29C00E3CBB3 /* Embed Frameworks */,
			);
			buildRules = (
			);
			dependencies = (
			);
			name = Roomies;
			productName = Roomies;
			productReference = 8A1A86F0236D3C2C009D1D02 /* Roomies.app */;
			productType = "com.apple.product-type.application";
		};
/* End PBXNativeTarget section */

/* Begin PBXProject section */
		8A1A86E8236D3C2C009D1D02 /* Project object */ = {
			isa = PBXProject;
			attributes = {
				LastSwiftUpdateCheck = 1120;
				LastUpgradeCheck = 1120;
				ORGANIZATIONNAME = "Keaton Burleson";
				TargetAttributes = {
					8A1A86EF236D3C2C009D1D02 = {
						CreatedOnToolsVersion = 11.2;
					};
				};
			};
			buildConfigurationList = 8A1A86EB236D3C2C009D1D02 /* Build configuration list for PBXProject "Roomies" */;
			compatibilityVersion = "Xcode 9.3";
			developmentRegion = en;
			hasScannedForEncodings = 0;
			knownRegions = (
				en,
				Base,
			);
			mainGroup = 8A1A86E7236D3C2C009D1D02;
			productRefGroup = 8A1A86F1236D3C2C009D1D02 /* Products */;
			projectDirPath = "";
			projectRoot = "";
			targets = (
				8A1A86EF236D3C2C009D1D02 /* Roomies */,
			);
		};
/* End PBXProject section */

/* Begin PBXResourcesBuildPhase section */
		8A1A86EE236D3C2C009D1D02 /* Resources */ = {
			isa = PBXResourcesBuildPhase;
			buildActionMask = 2147483647;
			files = (
				8A1A8700236D3C2F009D1D02 /* LaunchScreen.storyboard in Resources */,
				52F29F4D236DE87500DDEA9E /* Cody.storyboard in Resources */,
				8A6C1805236D840100816239 /* yeet.png in Resources */,
				8A1A8711236D4583009D1D02 /* GoogleService-Info.plist in Resources */,
				8A1A86FD236D3C2F009D1D02 /* Assets.xcassets in Resources */,
				8A1A86FB236D3C2C009D1D02 /* Main.storyboard in Resources */,
				8A5D6460236DE8460060C6BC /* Arielle.storyboard in Resources */,
			);
			runOnlyForDeploymentPostprocessing = 0;
		};
/* End PBXResourcesBuildPhase section */

/* Begin PBXShellScriptBuildPhase section */
		1B8295EE6E60188EAEAAB11C /* [CP] Embed Pods Frameworks */ = {
			isa = PBXShellScriptBuildPhase;
			buildActionMask = 2147483647;
			files = (
			);
			inputFileListPaths = (
				"${PODS_ROOT}/Target Support Files/Pods-Roomies/Pods-Roomies-frameworks-${CONFIGURATION}-input-files.xcfilelist",
			);
			name = "[CP] Embed Pods Frameworks";
			outputFileListPaths = (
				"${PODS_ROOT}/Target Support Files/Pods-Roomies/Pods-Roomies-frameworks-${CONFIGURATION}-output-files.xcfilelist",
			);
			runOnlyForDeploymentPostprocessing = 0;
			shellPath = /bin/sh;
			shellScript = "\"${PODS_ROOT}/Target Support Files/Pods-Roomies/Pods-Roomies-frameworks.sh\"\n";
			showEnvVarsInLog = 0;
		};
		5BE50CA55B855E5BB1DE0C9A /* [CP] Check Pods Manifest.lock */ = {
			isa = PBXShellScriptBuildPhase;
			buildActionMask = 2147483647;
			files = (
			);
			inputFileListPaths = (
			);
			inputPaths = (
				"${PODS_PODFILE_DIR_PATH}/Podfile.lock",
				"${PODS_ROOT}/Manifest.lock",
			);
			name = "[CP] Check Pods Manifest.lock";
			outputFileListPaths = (
			);
			outputPaths = (
				"$(DERIVED_FILE_DIR)/Pods-Roomies-checkManifestLockResult.txt",
			);
			runOnlyForDeploymentPostprocessing = 0;
			shellPath = /bin/sh;
			shellScript = "diff \"${PODS_PODFILE_DIR_PATH}/Podfile.lock\" \"${PODS_ROOT}/Manifest.lock\" > /dev/null\nif [ $? != 0 ] ; then\n    # print error to STDERR\n    echo \"error: The sandbox is not in sync with the Podfile.lock. Run 'pod install' or update your CocoaPods installation.\" >&2\n    exit 1\nfi\n# This output is used by Xcode 'outputs' to avoid re-running this script phase.\necho \"SUCCESS\" > \"${SCRIPT_OUTPUT_FILE_0}\"\n";
			showEnvVarsInLog = 0;
		};
/* End PBXShellScriptBuildPhase section */

/* Begin PBXSourcesBuildPhase section */
		8A1A86EC236D3C2C009D1D02 /* Sources */ = {
			isa = PBXSourcesBuildPhase;
			buildActionMask = 2147483647;
			files = (
				8A1A871A236D5091009D1D02 /* Bill.swift in Sources */,
				8A1A8713236D4B48009D1D02 /* AppUser.swift in Sources */,
				8A1A8718236D4FB8009D1D02 /* BaseItemProtocol.swift in Sources */,
				8A6C1813236DBD9F00816239 /* BulletinBoardProtocol.swift in Sources */,
				8A1A872F236D6B16009D1D02 /* AuthorizationResult.swift in Sources */,
				8A1A8716236D4F79009D1D02 /* AppUserProtocol.swift in Sources */,
				527EB39E236DF1EA00FD7F5F /* PieTestData.swift in Sources */,
				8A1A8720236D531E009D1D02 /* ChoreProtocol.swift in Sources */,
				8A1A86F8236D3C2C009D1D02 /* DashboardViewController.swift in Sources */,
				8A6C181B236DCFA900816239 /* DataError.swift in Sources */,
				8A1A8720236D531E009D1D02 /* ChoreProtocol.swift in Sources */,
				8A6C180D236DBCA700816239 /* LivingSpace.swift in Sources */,
				8A1A86F8236D3C2C009D1D02 /* ViewController.swift in Sources */,
				8A6C1817236DC98300816239 /* PhysicalAddress.swift in Sources */,
				8A6C1809236D8C4300816239 /* UserService.swift in Sources */,
				8A6C1811236DBD3700816239 /* BulletinBoard.swift in Sources */,
				8A1A8726236D53F6009D1D02 /* MiscellaneousItem.swift in Sources */,
				8A6C181E236DF27400816239 /* LivingSpaceListViewController.swift in Sources */,
				8A6C1820236E002F00816239 /* ChoresService.swift in Sources */,
				8A6C180B236DBB2900816239 /* LivingSpaceService.swift in Sources */,
				8A6C1819236DCA8200816239 /* PhysicalAddressProtocol.swift in Sources */,
				8A1A8724236D53BC009D1D02 /* CommentedItemProtocol.swift in Sources */,
				8A6C1815236DBDED00816239 /* ItemType.swift in Sources */,
				8A1A86F4236D3C2C009D1D02 /* AppDelegate.swift in Sources */,
				8A6C1808236D8C3800816239 /* BaseItem.swift in Sources */,
				8A1A86F6236D3C2C009D1D02 /* SceneDelegate.swift in Sources */,
				8A1A871C236D50EA009D1D02 /* BillProtocol.swift in Sources */,
				8A1A8722236D537D009D1D02 /* Grocery.swift in Sources */,
				8A6C180F236DBCDE00816239 /* LivingSpaceProtocol.swift in Sources */,
			);
			runOnlyForDeploymentPostprocessing = 0;
		};
/* End PBXSourcesBuildPhase section */

/* Begin PBXVariantGroup section */
		8A1A86F9236D3C2C009D1D02 /* Main.storyboard */ = {
			isa = PBXVariantGroup;
			children = (
				8A1A86FA236D3C2C009D1D02 /* Base */,
			);
			name = Main.storyboard;
			sourceTree = "<group>";
		};
		8A1A86FE236D3C2F009D1D02 /* LaunchScreen.storyboard */ = {
			isa = PBXVariantGroup;
			children = (
				8A1A86FF236D3C2F009D1D02 /* Base */,
			);
			name = LaunchScreen.storyboard;
			sourceTree = "<group>";
		};
		8A5D645E236DE8460060C6BC /* Arielle.storyboard */ = {
			isa = PBXVariantGroup;
			children = (
				8A5D645F236DE8460060C6BC /* Base */,
			);
			name = Arielle.storyboard;
			sourceTree = "<group>";
		};
/* End PBXVariantGroup section */

/* Begin XCBuildConfiguration section */
		8A1A8702236D3C2F009D1D02 /* Debug */ = {
			isa = XCBuildConfiguration;
			buildSettings = {
				ALWAYS_SEARCH_USER_PATHS = NO;
				CLANG_ANALYZER_NONNULL = YES;
				CLANG_ANALYZER_NUMBER_OBJECT_CONVERSION = YES_AGGRESSIVE;
				CLANG_CXX_LANGUAGE_STANDARD = "gnu++14";
				CLANG_CXX_LIBRARY = "libc++";
				CLANG_ENABLE_MODULES = YES;
				CLANG_ENABLE_OBJC_ARC = YES;
				CLANG_ENABLE_OBJC_WEAK = YES;
				CLANG_WARN_BLOCK_CAPTURE_AUTORELEASING = YES;
				CLANG_WARN_BOOL_CONVERSION = YES;
				CLANG_WARN_COMMA = YES;
				CLANG_WARN_CONSTANT_CONVERSION = YES;
				CLANG_WARN_DEPRECATED_OBJC_IMPLEMENTATIONS = YES;
				CLANG_WARN_DIRECT_OBJC_ISA_USAGE = YES_ERROR;
				CLANG_WARN_DOCUMENTATION_COMMENTS = YES;
				CLANG_WARN_EMPTY_BODY = YES;
				CLANG_WARN_ENUM_CONVERSION = YES;
				CLANG_WARN_INFINITE_RECURSION = YES;
				CLANG_WARN_INT_CONVERSION = YES;
				CLANG_WARN_NON_LITERAL_NULL_CONVERSION = YES;
				CLANG_WARN_OBJC_IMPLICIT_RETAIN_SELF = YES;
				CLANG_WARN_OBJC_LITERAL_CONVERSION = YES;
				CLANG_WARN_OBJC_ROOT_CLASS = YES_ERROR;
				CLANG_WARN_RANGE_LOOP_ANALYSIS = YES;
				CLANG_WARN_STRICT_PROTOTYPES = YES;
				CLANG_WARN_SUSPICIOUS_MOVE = YES;
				CLANG_WARN_UNGUARDED_AVAILABILITY = YES_AGGRESSIVE;
				CLANG_WARN_UNREACHABLE_CODE = YES;
				CLANG_WARN__DUPLICATE_METHOD_MATCH = YES;
				COPY_PHASE_STRIP = NO;
				DEBUG_INFORMATION_FORMAT = dwarf;
				ENABLE_STRICT_OBJC_MSGSEND = YES;
				ENABLE_TESTABILITY = YES;
				GCC_C_LANGUAGE_STANDARD = gnu11;
				GCC_DYNAMIC_NO_PIC = NO;
				GCC_NO_COMMON_BLOCKS = YES;
				GCC_OPTIMIZATION_LEVEL = 0;
				GCC_PREPROCESSOR_DEFINITIONS = (
					"DEBUG=1",
					"$(inherited)",
				);
				GCC_WARN_64_TO_32_BIT_CONVERSION = YES;
				GCC_WARN_ABOUT_RETURN_TYPE = YES_ERROR;
				GCC_WARN_UNDECLARED_SELECTOR = YES;
				GCC_WARN_UNINITIALIZED_AUTOS = YES_AGGRESSIVE;
				GCC_WARN_UNUSED_FUNCTION = YES;
				GCC_WARN_UNUSED_VARIABLE = YES;
				IPHONEOS_DEPLOYMENT_TARGET = 13.1;
				MTL_ENABLE_DEBUG_INFO = INCLUDE_SOURCE;
				MTL_FAST_MATH = YES;
				ONLY_ACTIVE_ARCH = YES;
				SDKROOT = iphoneos;
				SWIFT_ACTIVE_COMPILATION_CONDITIONS = DEBUG;
				SWIFT_OPTIMIZATION_LEVEL = "-Onone";
			};
			name = Debug;
		};
		8A1A8703236D3C2F009D1D02 /* Release */ = {
			isa = XCBuildConfiguration;
			buildSettings = {
				ALWAYS_SEARCH_USER_PATHS = NO;
				CLANG_ANALYZER_NONNULL = YES;
				CLANG_ANALYZER_NUMBER_OBJECT_CONVERSION = YES_AGGRESSIVE;
				CLANG_CXX_LANGUAGE_STANDARD = "gnu++14";
				CLANG_CXX_LIBRARY = "libc++";
				CLANG_ENABLE_MODULES = YES;
				CLANG_ENABLE_OBJC_ARC = YES;
				CLANG_ENABLE_OBJC_WEAK = YES;
				CLANG_WARN_BLOCK_CAPTURE_AUTORELEASING = YES;
				CLANG_WARN_BOOL_CONVERSION = YES;
				CLANG_WARN_COMMA = YES;
				CLANG_WARN_CONSTANT_CONVERSION = YES;
				CLANG_WARN_DEPRECATED_OBJC_IMPLEMENTATIONS = YES;
				CLANG_WARN_DIRECT_OBJC_ISA_USAGE = YES_ERROR;
				CLANG_WARN_DOCUMENTATION_COMMENTS = YES;
				CLANG_WARN_EMPTY_BODY = YES;
				CLANG_WARN_ENUM_CONVERSION = YES;
				CLANG_WARN_INFINITE_RECURSION = YES;
				CLANG_WARN_INT_CONVERSION = YES;
				CLANG_WARN_NON_LITERAL_NULL_CONVERSION = YES;
				CLANG_WARN_OBJC_IMPLICIT_RETAIN_SELF = YES;
				CLANG_WARN_OBJC_LITERAL_CONVERSION = YES;
				CLANG_WARN_OBJC_ROOT_CLASS = YES_ERROR;
				CLANG_WARN_RANGE_LOOP_ANALYSIS = YES;
				CLANG_WARN_STRICT_PROTOTYPES = YES;
				CLANG_WARN_SUSPICIOUS_MOVE = YES;
				CLANG_WARN_UNGUARDED_AVAILABILITY = YES_AGGRESSIVE;
				CLANG_WARN_UNREACHABLE_CODE = YES;
				CLANG_WARN__DUPLICATE_METHOD_MATCH = YES;
				COPY_PHASE_STRIP = NO;
				DEBUG_INFORMATION_FORMAT = "dwarf-with-dsym";
				ENABLE_NS_ASSERTIONS = NO;
				ENABLE_STRICT_OBJC_MSGSEND = YES;
				GCC_C_LANGUAGE_STANDARD = gnu11;
				GCC_NO_COMMON_BLOCKS = YES;
				GCC_WARN_64_TO_32_BIT_CONVERSION = YES;
				GCC_WARN_ABOUT_RETURN_TYPE = YES_ERROR;
				GCC_WARN_UNDECLARED_SELECTOR = YES;
				GCC_WARN_UNINITIALIZED_AUTOS = YES_AGGRESSIVE;
				GCC_WARN_UNUSED_FUNCTION = YES;
				GCC_WARN_UNUSED_VARIABLE = YES;
				IPHONEOS_DEPLOYMENT_TARGET = 13.1;
				MTL_ENABLE_DEBUG_INFO = NO;
				MTL_FAST_MATH = YES;
				SDKROOT = iphoneos;
				SWIFT_COMPILATION_MODE = wholemodule;
				SWIFT_OPTIMIZATION_LEVEL = "-O";
				VALIDATE_PRODUCT = YES;
			};
			name = Release;
		};
		8A1A8705236D3C2F009D1D02 /* Debug */ = {
			isa = XCBuildConfiguration;
			baseConfigurationReference = 7E38A93030A87F57F170C749 /* Pods-Roomies.debug.xcconfig */;
			buildSettings = {
				ASSETCATALOG_COMPILER_APPICON_NAME = AppIcon;
				CODE_SIGN_STYLE = Automatic;
				INFOPLIST_FILE = Roomies/Info.plist;
				IPHONEOS_DEPLOYMENT_TARGET = 13.1;
				LD_RUNPATH_SEARCH_PATHS = (
					"$(inherited)",
					"@executable_path/Frameworks",
				);
				PRODUCT_BUNDLE_IDENTIFIER = yeet.Roomies;
				PRODUCT_NAME = "$(TARGET_NAME)";
				SWIFT_VERSION = 5.0;
				TARGETED_DEVICE_FAMILY = "1,2";
			};
			name = Debug;
		};
		8A1A8706236D3C2F009D1D02 /* Release */ = {
			isa = XCBuildConfiguration;
			baseConfigurationReference = 330709A13BC15D0165F4EB9B /* Pods-Roomies.release.xcconfig */;
			buildSettings = {
				ASSETCATALOG_COMPILER_APPICON_NAME = AppIcon;
				CODE_SIGN_STYLE = Automatic;
				INFOPLIST_FILE = Roomies/Info.plist;
				IPHONEOS_DEPLOYMENT_TARGET = 13.1;
				LD_RUNPATH_SEARCH_PATHS = (
					"$(inherited)",
					"@executable_path/Frameworks",
				);
				PRODUCT_BUNDLE_IDENTIFIER = yeet.Roomies;
				PRODUCT_NAME = "$(TARGET_NAME)";
				SWIFT_VERSION = 5.0;
				TARGETED_DEVICE_FAMILY = "1,2";
			};
			name = Release;
		};
/* End XCBuildConfiguration section */

/* Begin XCConfigurationList section */
		8A1A86EB236D3C2C009D1D02 /* Build configuration list for PBXProject "Roomies" */ = {
			isa = XCConfigurationList;
			buildConfigurations = (
				8A1A8702236D3C2F009D1D02 /* Debug */,
				8A1A8703236D3C2F009D1D02 /* Release */,
			);
			defaultConfigurationIsVisible = 0;
			defaultConfigurationName = Release;
		};
		8A1A8704236D3C2F009D1D02 /* Build configuration list for PBXNativeTarget "Roomies" */ = {
			isa = XCConfigurationList;
			buildConfigurations = (
				8A1A8705236D3C2F009D1D02 /* Debug */,
				8A1A8706236D3C2F009D1D02 /* Release */,
			);
			defaultConfigurationIsVisible = 0;
			defaultConfigurationName = Release;
		};
/* End XCConfigurationList section */
	};
	rootObject = 8A1A86E8236D3C2C009D1D02 /* Project object */;
}
