// !$*UTF8*$!
{
	archiveVersion = 1;
	classes = {
	};
	objectVersion = 51;
	objects = {

/* Begin PBXBuildFile section */
		890BFFD46CF27955F4E32B7A /* Pods_Roomies.framework in Frameworks */ = {isa = PBXBuildFile; fileRef = 5AD8DE0F7D87F74310E47D90 /* Pods_Roomies.framework */; };
		8A1A86F4236D3C2C009D1D02 /* AppDelegate.swift in Sources */ = {isa = PBXBuildFile; fileRef = 8A1A86F3236D3C2C009D1D02 /* AppDelegate.swift */; };
		8A1A86F6236D3C2C009D1D02 /* SceneDelegate.swift in Sources */ = {isa = PBXBuildFile; fileRef = 8A1A86F5236D3C2C009D1D02 /* SceneDelegate.swift */; };
		8A1A86F8236D3C2C009D1D02 /* ViewController.swift in Sources */ = {isa = PBXBuildFile; fileRef = 8A1A86F7236D3C2C009D1D02 /* ViewController.swift */; };
		8A1A86FB236D3C2C009D1D02 /* Main.storyboard in Resources */ = {isa = PBXBuildFile; fileRef = 8A1A86F9236D3C2C009D1D02 /* Main.storyboard */; };
		8A1A86FD236D3C2F009D1D02 /* Assets.xcassets in Resources */ = {isa = PBXBuildFile; fileRef = 8A1A86FC236D3C2F009D1D02 /* Assets.xcassets */; };
		8A1A8700236D3C2F009D1D02 /* LaunchScreen.storyboard in Resources */ = {isa = PBXBuildFile; fileRef = 8A1A86FE236D3C2F009D1D02 /* LaunchScreen.storyboard */; };
		8A1A8709236D42E4009D1D02 /* LivingSpaceItem.swift in Sources */ = {isa = PBXBuildFile; fileRef = 8A1A8708236D42E4009D1D02 /* LivingSpaceItem.swift */; };
		8A1A870E236D44CE009D1D02 /* ObjectMapper+Firebase.swift in Sources */ = {isa = PBXBuildFile; fileRef = 8A1A870D236D44CE009D1D02 /* ObjectMapper+Firebase.swift */; };
		8A1A8711236D4583009D1D02 /* GoogleService-Info.plist in Resources */ = {isa = PBXBuildFile; fileRef = 8A1A8710236D4583009D1D02 /* GoogleService-Info.plist */; };
/* End PBXBuildFile section */

/* Begin PBXFileReference section */
		330709A13BC15D0165F4EB9B /* Pods-Roomies.release.xcconfig */ = {isa = PBXFileReference; includeInIndex = 1; lastKnownFileType = text.xcconfig; name = "Pods-Roomies.release.xcconfig"; path = "Target Support Files/Pods-Roomies/Pods-Roomies.release.xcconfig"; sourceTree = "<group>"; };
		5AD8DE0F7D87F74310E47D90 /* Pods_Roomies.framework */ = {isa = PBXFileReference; explicitFileType = wrapper.framework; includeInIndex = 0; path = Pods_Roomies.framework; sourceTree = BUILT_PRODUCTS_DIR; };
		7E38A93030A87F57F170C749 /* Pods-Roomies.debug.xcconfig */ = {isa = PBXFileReference; includeInIndex = 1; lastKnownFileType = text.xcconfig; name = "Pods-Roomies.debug.xcconfig"; path = "Target Support Files/Pods-Roomies/Pods-Roomies.debug.xcconfig"; sourceTree = "<group>"; };
		8A1A86F0236D3C2C009D1D02 /* Roomies.app */ = {isa = PBXFileReference; explicitFileType = wrapper.application; includeInIndex = 0; path = Roomies.app; sourceTree = BUILT_PRODUCTS_DIR; };
		8A1A86F3236D3C2C009D1D02 /* AppDelegate.swift */ = {isa = PBXFileReference; lastKnownFileType = sourcecode.swift; path = AppDelegate.swift; sourceTree = "<group>"; };
		8A1A86F5236D3C2C009D1D02 /* SceneDelegate.swift */ = {isa = PBXFileReference; lastKnownFileType = sourcecode.swift; path = SceneDelegate.swift; sourceTree = "<group>"; };
		8A1A86F7236D3C2C009D1D02 /* ViewController.swift */ = {isa = PBXFileReference; lastKnownFileType = sourcecode.swift; path = ViewController.swift; sourceTree = "<group>"; };
		8A1A86FA236D3C2C009D1D02 /* Base */ = {isa = PBXFileReference; lastKnownFileType = file.storyboard; name = Base; path = Base.lproj/Main.storyboard; sourceTree = "<group>"; };
		8A1A86FC236D3C2F009D1D02 /* Assets.xcassets */ = {isa = PBXFileReference; lastKnownFileType = folder.assetcatalog; path = Assets.xcassets; sourceTree = "<group>"; };
		8A1A86FF236D3C2F009D1D02 /* Base */ = {isa = PBXFileReference; lastKnownFileType = file.storyboard; name = Base; path = Base.lproj/LaunchScreen.storyboard; sourceTree = "<group>"; };
		8A1A8701236D3C2F009D1D02 /* Info.plist */ = {isa = PBXFileReference; lastKnownFileType = text.plist.xml; path = Info.plist; sourceTree = "<group>"; };
		8A1A8708236D42E4009D1D02 /* LivingSpaceItem.swift */ = {isa = PBXFileReference; lastKnownFileType = sourcecode.swift; path = LivingSpaceItem.swift; sourceTree = "<group>"; };
		8A1A870D236D44CE009D1D02 /* ObjectMapper+Firebase.swift */ = {isa = PBXFileReference; lastKnownFileType = sourcecode.swift; path = "ObjectMapper+Firebase.swift"; sourceTree = "<group>"; };
		8A1A8710236D4583009D1D02 /* GoogleService-Info.plist */ = {isa = PBXFileReference; fileEncoding = 4; lastKnownFileType = text.plist.xml; path = "GoogleService-Info.plist"; sourceTree = "<group>"; };
/* End PBXFileReference section */

/* Begin PBXFrameworksBuildPhase section */
		8A1A86ED236D3C2C009D1D02 /* Frameworks */ = {
			isa = PBXFrameworksBuildPhase;
			buildActionMask = 2147483647;
			files = (
				890BFFD46CF27955F4E32B7A /* Pods_Roomies.framework in Frameworks */,
			);
			runOnlyForDeploymentPostprocessing = 0;
		};
/* End PBXFrameworksBuildPhase section */

/* Begin PBXGroup section */
		2F759D619562ABD061A5CEEF /* Frameworks */ = {
			isa = PBXGroup;
			children = (
				5AD8DE0F7D87F74310E47D90 /* Pods_Roomies.framework */,
			);
			name = Frameworks;
			sourceTree = "<group>";
		};
		811E79F6B3415A43AFE68BC1 /* Pods */ = {
			isa = PBXGroup;
			children = (
				7E38A93030A87F57F170C749 /* Pods-Roomies.debug.xcconfig */,
				330709A13BC15D0165F4EB9B /* Pods-Roomies.release.xcconfig */,
			);
			path = Pods;
			sourceTree = "<group>";
		};
		8A1A86E7236D3C2C009D1D02 = {
			isa = PBXGroup;
			children = (
				8A1A86F2236D3C2C009D1D02 /* Roomies */,
				8A1A86F1236D3C2C009D1D02 /* Products */,
				811E79F6B3415A43AFE68BC1 /* Pods */,
				2F759D619562ABD061A5CEEF /* Frameworks */,
			);
			sourceTree = "<group>";
		};
		8A1A86F1236D3C2C009D1D02 /* Products */ = {
			isa = PBXGroup;
			children = (
				8A1A86F0236D3C2C009D1D02 /* Roomies.app */,
			);
			name = Products;
			sourceTree = "<group>";
		};
		8A1A86F2236D3C2C009D1D02 /* Roomies */ = {
			isa = PBXGroup;
			children = (
				8A1A870F236D4578009D1D02 /* Configuration */,
				8A1A870C236D44B3009D1D02 /* Extensions */,
				8A1A8707236D4291009D1D02 /* Models */,
				8A1A86F3236D3C2C009D1D02 /* AppDelegate.swift */,
				8A1A86F5236D3C2C009D1D02 /* SceneDelegate.swift */,
				8A1A86F7236D3C2C009D1D02 /* ViewController.swift */,
				8A1A86F9236D3C2C009D1D02 /* Main.storyboard */,
				8A1A86FC236D3C2F009D1D02 /* Assets.xcassets */,
				8A1A86FE236D3C2F009D1D02 /* LaunchScreen.storyboard */,
				8A1A8701236D3C2F009D1D02 /* Info.plist */,
			);
			path = Roomies;
			sourceTree = "<group>";
		};
		8A1A8707236D4291009D1D02 /* Models */ = {
			isa = PBXGroup;
			children = (
				8A1A8708236D42E4009D1D02 /* LivingSpaceItem.swift */,
			);
			path = Models;
			sourceTree = "<group>";
		};
		8A1A870C236D44B3009D1D02 /* Extensions */ = {
			isa = PBXGroup;
			children = (
				8A1A870D236D44CE009D1D02 /* ObjectMapper+Firebase.swift */,
			);
			path = Extensions;
			sourceTree = "<group>";
		};
		8A1A870F236D4578009D1D02 /* Configuration */ = {
			isa = PBXGroup;
			children = (
				8A1A8710236D4583009D1D02 /* GoogleService-Info.plist */,
			);
			path = Configuration;
			sourceTree = "<group>";
		};
/* End PBXGroup section */

/* Begin PBXNativeTarget section */
		8A1A86EF236D3C2C009D1D02 /* Roomies */ = {
			isa = PBXNativeTarget;
			buildConfigurationList = 8A1A8704236D3C2F009D1D02 /* Build configuration list for PBXNativeTarget "Roomies" */;
			buildPhases = (
				5BE50CA55B855E5BB1DE0C9A /* [CP] Check Pods Manifest.lock */,
				8A1A86EC236D3C2C009D1D02 /* Sources */,
				8A1A86ED236D3C2C009D1D02 /* Frameworks */,
				8A1A86EE236D3C2C009D1D02 /* Resources */,
				1B8295EE6E60188EAEAAB11C /* [CP] Embed Pods Frameworks */,
			);
			buildRules = (
			);
			dependencies = (
			);
			name = Roomies;
			productName = Roomies;
			productReference = 8A1A86F0236D3C2C009D1D02 /* Roomies.app */;
			productType = "com.apple.product-type.application";
		};
/* End PBXNativeTarget section */

/* Begin PBXProject section */
		8A1A86E8236D3C2C009D1D02 /* Project object */ = {
			isa = PBXProject;
			attributes = {
				LastSwiftUpdateCheck = 1120;
				LastUpgradeCheck = 1120;
				ORGANIZATIONNAME = "Keaton Burleson";
				TargetAttributes = {
					8A1A86EF236D3C2C009D1D02 = {
						CreatedOnToolsVersion = 11.2;
					};
				};
			};
			buildConfigurationList = 8A1A86EB236D3C2C009D1D02 /* Build configuration list for PBXProject "Roomies" */;
			compatibilityVersion = "Xcode 9.3";
			developmentRegion = en;
			hasScannedForEncodings = 0;
			knownRegions = (
				en,
				Base,
			);
			mainGroup = 8A1A86E7236D3C2C009D1D02;
			productRefGroup = 8A1A86F1236D3C2C009D1D02 /* Products */;
			projectDirPath = "";
			projectRoot = "";
			targets = (
				8A1A86EF236D3C2C009D1D02 /* Roomies */,
			);
		};
/* End PBXProject section */

/* Begin PBXResourcesBuildPhase section */
		8A1A86EE236D3C2C009D1D02 /* Resources */ = {
			isa = PBXResourcesBuildPhase;
			buildActionMask = 2147483647;
			files = (
				8A1A8700236D3C2F009D1D02 /* LaunchScreen.storyboard in Resources */,
				8A1A8711236D4583009D1D02 /* GoogleService-Info.plist in Resources */,
				8A1A86FD236D3C2F009D1D02 /* Assets.xcassets in Resources */,
				8A1A86FB236D3C2C009D1D02 /* Main.storyboard in Resources */,
			);
			runOnlyForDeploymentPostprocessing = 0;
		};
/* End PBXResourcesBuildPhase section */

/* Begin PBXShellScriptBuildPhase section */
		1B8295EE6E60188EAEAAB11C /* [CP] Embed Pods Frameworks */ = {
			isa = PBXShellScriptBuildPhase;
			buildActionMask = 2147483647;
			files = (
			);
			inputFileListPaths = (
				"${PODS_ROOT}/Target Support Files/Pods-Roomies/Pods-Roomies-frameworks-${CONFIGURATION}-input-files.xcfilelist",
			);
			name = "[CP] Embed Pods Frameworks";
			outputFileListPaths = (
				"${PODS_ROOT}/Target Support Files/Pods-Roomies/Pods-Roomies-frameworks-${CONFIGURATION}-output-files.xcfilelist",
			);
			runOnlyForDeploymentPostprocessing = 0;
			shellPath = /bin/sh;
			shellScript = "\"${PODS_ROOT}/Target Support Files/Pods-Roomies/Pods-Roomies-frameworks.sh\"\n";
			showEnvVarsInLog = 0;
		};
		5BE50CA55B855E5BB1DE0C9A /* [CP] Check Pods Manifest.lock */ = {
			isa = PBXShellScriptBuildPhase;
			buildActionMask = 2147483647;
			files = (
			);
			inputFileListPaths = (
			);
			inputPaths = (
				"${PODS_PODFILE_DIR_PATH}/Podfile.lock",
				"${PODS_ROOT}/Manifest.lock",
			);
			name = "[CP] Check Pods Manifest.lock";
			outputFileListPaths = (
			);
			outputPaths = (
				"$(DERIVED_FILE_DIR)/Pods-Roomies-checkManifestLockResult.txt",
			);
			runOnlyForDeploymentPostprocessing = 0;
			shellPath = /bin/sh;
			shellScript = "diff \"${PODS_PODFILE_DIR_PATH}/Podfile.lock\" \"${PODS_ROOT}/Manifest.lock\" > /dev/null\nif [ $? != 0 ] ; then\n    # print error to STDERR\n    echo \"error: The sandbox is not in sync with the Podfile.lock. Run 'pod install' or update your CocoaPods installation.\" >&2\n    exit 1\nfi\n# This output is used by Xcode 'outputs' to avoid re-running this script phase.\necho \"SUCCESS\" > \"${SCRIPT_OUTPUT_FILE_0}\"\n";
			showEnvVarsInLog = 0;
		};
/* End PBXShellScriptBuildPhase section */

/* Begin PBXSourcesBuildPhase section */
		8A1A86EC236D3C2C009D1D02 /* Sources */ = {
			isa = PBXSourcesBuildPhase;
			buildActionMask = 2147483647;
			files = (
				8A1A8709236D42E4009D1D02 /* LivingSpaceItem.swift in Sources */,
				8A1A86F8236D3C2C009D1D02 /* ViewController.swift in Sources */,
				8A1A86F4236D3C2C009D1D02 /* AppDelegate.swift in Sources */,
				8A1A870E236D44CE009D1D02 /* ObjectMapper+Firebase.swift in Sources */,
				8A1A86F6236D3C2C009D1D02 /* SceneDelegate.swift in Sources */,
			);
			runOnlyForDeploymentPostprocessing = 0;
		};
/* End PBXSourcesBuildPhase section */

/* Begin PBXVariantGroup section */
		8A1A86F9236D3C2C009D1D02 /* Main.storyboard */ = {
			isa = PBXVariantGroup;
			children = (
				8A1A86FA236D3C2C009D1D02 /* Base */,
			);
			name = Main.storyboard;
			sourceTree = "<group>";
		};
		8A1A86FE236D3C2F009D1D02 /* LaunchScreen.storyboard */ = {
			isa = PBXVariantGroup;
			children = (
				8A1A86FF236D3C2F009D1D02 /* Base */,
			);
			name = LaunchScreen.storyboard;
			sourceTree = "<group>";
		};
/* End PBXVariantGroup section */

/* Begin XCBuildConfiguration section */
		8A1A8702236D3C2F009D1D02 /* Debug */ = {
			isa = XCBuildConfiguration;
			buildSettings = {
				ALWAYS_SEARCH_USER_PATHS = NO;
				CLANG_ANALYZER_NONNULL = YES;
				CLANG_ANALYZER_NUMBER_OBJECT_CONVERSION = YES_AGGRESSIVE;
				CLANG_CXX_LANGUAGE_STANDARD = "gnu++14";
				CLANG_CXX_LIBRARY = "libc++";
				CLANG_ENABLE_MODULES = YES;
				CLANG_ENABLE_OBJC_ARC = YES;
				CLANG_ENABLE_OBJC_WEAK = YES;
				CLANG_WARN_BLOCK_CAPTURE_AUTORELEASING = YES;
				CLANG_WARN_BOOL_CONVERSION = YES;
				CLANG_WARN_COMMA = YES;
				CLANG_WARN_CONSTANT_CONVERSION = YES;
				CLANG_WARN_DEPRECATED_OBJC_IMPLEMENTATIONS = YES;
				CLANG_WARN_DIRECT_OBJC_ISA_USAGE = YES_ERROR;
				CLANG_WARN_DOCUMENTATION_COMMENTS = YES;
				CLANG_WARN_EMPTY_BODY = YES;
				CLANG_WARN_ENUM_CONVERSION = YES;
				CLANG_WARN_INFINITE_RECURSION = YES;
				CLANG_WARN_INT_CONVERSION = YES;
				CLANG_WARN_NON_LITERAL_NULL_CONVERSION = YES;
				CLANG_WARN_OBJC_IMPLICIT_RETAIN_SELF = YES;
				CLANG_WARN_OBJC_LITERAL_CONVERSION = YES;
				CLANG_WARN_OBJC_ROOT_CLASS = YES_ERROR;
				CLANG_WARN_RANGE_LOOP_ANALYSIS = YES;
				CLANG_WARN_STRICT_PROTOTYPES = YES;
				CLANG_WARN_SUSPICIOUS_MOVE = YES;
				CLANG_WARN_UNGUARDED_AVAILABILITY = YES_AGGRESSIVE;
				CLANG_WARN_UNREACHABLE_CODE = YES;
				CLANG_WARN__DUPLICATE_METHOD_MATCH = YES;
				COPY_PHASE_STRIP = NO;
				DEBUG_INFORMATION_FORMAT = dwarf;
				ENABLE_STRICT_OBJC_MSGSEND = YES;
				ENABLE_TESTABILITY = YES;
				GCC_C_LANGUAGE_STANDARD = gnu11;
				GCC_DYNAMIC_NO_PIC = NO;
				GCC_NO_COMMON_BLOCKS = YES;
				GCC_OPTIMIZATION_LEVEL = 0;
				GCC_PREPROCESSOR_DEFINITIONS = (
					"DEBUG=1",
					"$(inherited)",
				);
				GCC_WARN_64_TO_32_BIT_CONVERSION = YES;
				GCC_WARN_ABOUT_RETURN_TYPE = YES_ERROR;
				GCC_WARN_UNDECLARED_SELECTOR = YES;
				GCC_WARN_UNINITIALIZED_AUTOS = YES_AGGRESSIVE;
				GCC_WARN_UNUSED_FUNCTION = YES;
				GCC_WARN_UNUSED_VARIABLE = YES;
				IPHONEOS_DEPLOYMENT_TARGET = 13.2;
				MTL_ENABLE_DEBUG_INFO = INCLUDE_SOURCE;
				MTL_FAST_MATH = YES;
				ONLY_ACTIVE_ARCH = YES;
				SDKROOT = iphoneos;
				SWIFT_ACTIVE_COMPILATION_CONDITIONS = DEBUG;
				SWIFT_OPTIMIZATION_LEVEL = "-Onone";
			};
			name = Debug;
		};
		8A1A8703236D3C2F009D1D02 /* Release */ = {
			isa = XCBuildConfiguration;
			buildSettings = {
				ALWAYS_SEARCH_USER_PATHS = NO;
				CLANG_ANALYZER_NONNULL = YES;
				CLANG_ANALYZER_NUMBER_OBJECT_CONVERSION = YES_AGGRESSIVE;
				CLANG_CXX_LANGUAGE_STANDARD = "gnu++14";
				CLANG_CXX_LIBRARY = "libc++";
				CLANG_ENABLE_MODULES = YES;
				CLANG_ENABLE_OBJC_ARC = YES;
				CLANG_ENABLE_OBJC_WEAK = YES;
				CLANG_WARN_BLOCK_CAPTURE_AUTORELEASING = YES;
				CLANG_WARN_BOOL_CONVERSION = YES;
				CLANG_WARN_COMMA = YES;
				CLANG_WARN_CONSTANT_CONVERSION = YES;
				CLANG_WARN_DEPRECATED_OBJC_IMPLEMENTATIONS = YES;
				CLANG_WARN_DIRECT_OBJC_ISA_USAGE = YES_ERROR;
				CLANG_WARN_DOCUMENTATION_COMMENTS = YES;
				CLANG_WARN_EMPTY_BODY = YES;
				CLANG_WARN_ENUM_CONVERSION = YES;
				CLANG_WARN_INFINITE_RECURSION = YES;
				CLANG_WARN_INT_CONVERSION = YES;
				CLANG_WARN_NON_LITERAL_NULL_CONVERSION = YES;
				CLANG_WARN_OBJC_IMPLICIT_RETAIN_SELF = YES;
				CLANG_WARN_OBJC_LITERAL_CONVERSION = YES;
				CLANG_WARN_OBJC_ROOT_CLASS = YES_ERROR;
				CLANG_WARN_RANGE_LOOP_ANALYSIS = YES;
				CLANG_WARN_STRICT_PROTOTYPES = YES;
				CLANG_WARN_SUSPICIOUS_MOVE = YES;
				CLANG_WARN_UNGUARDED_AVAILABILITY = YES_AGGRESSIVE;
				CLANG_WARN_UNREACHABLE_CODE = YES;
				CLANG_WARN__DUPLICATE_METHOD_MATCH = YES;
				COPY_PHASE_STRIP = NO;
				DEBUG_INFORMATION_FORMAT = "dwarf-with-dsym";
				ENABLE_NS_ASSERTIONS = NO;
				ENABLE_STRICT_OBJC_MSGSEND = YES;
				GCC_C_LANGUAGE_STANDARD = gnu11;
				GCC_NO_COMMON_BLOCKS = YES;
				GCC_WARN_64_TO_32_BIT_CONVERSION = YES;
				GCC_WARN_ABOUT_RETURN_TYPE = YES_ERROR;
				GCC_WARN_UNDECLARED_SELECTOR = YES;
				GCC_WARN_UNINITIALIZED_AUTOS = YES_AGGRESSIVE;
				GCC_WARN_UNUSED_FUNCTION = YES;
				GCC_WARN_UNUSED_VARIABLE = YES;
				IPHONEOS_DEPLOYMENT_TARGET = 13.2;
				MTL_ENABLE_DEBUG_INFO = NO;
				MTL_FAST_MATH = YES;
				SDKROOT = iphoneos;
				SWIFT_COMPILATION_MODE = wholemodule;
				SWIFT_OPTIMIZATION_LEVEL = "-O";
				VALIDATE_PRODUCT = YES;
			};
			name = Release;
		};
		8A1A8705236D3C2F009D1D02 /* Debug */ = {
			isa = XCBuildConfiguration;
			baseConfigurationReference = 7E38A93030A87F57F170C749 /* Pods-Roomies.debug.xcconfig */;
			buildSettings = {
				ASSETCATALOG_COMPILER_APPICON_NAME = AppIcon;
				CODE_SIGN_STYLE = Automatic;
				INFOPLIST_FILE = Roomies/Info.plist;
				LD_RUNPATH_SEARCH_PATHS = (
					"$(inherited)",
					"@executable_path/Frameworks",
				);
				PRODUCT_BUNDLE_IDENTIFIER = yeet.Roomies;
				PRODUCT_NAME = "$(TARGET_NAME)";
				SWIFT_VERSION = 5.0;
				TARGETED_DEVICE_FAMILY = "1,2";
			};
			name = Debug;
		};
		8A1A8706236D3C2F009D1D02 /* Release */ = {
			isa = XCBuildConfiguration;
			baseConfigurationReference = 330709A13BC15D0165F4EB9B /* Pods-Roomies.release.xcconfig */;
			buildSettings = {
				ASSETCATALOG_COMPILER_APPICON_NAME = AppIcon;
				CODE_SIGN_STYLE = Automatic;
				INFOPLIST_FILE = Roomies/Info.plist;
				LD_RUNPATH_SEARCH_PATHS = (
					"$(inherited)",
					"@executable_path/Frameworks",
				);
				PRODUCT_BUNDLE_IDENTIFIER = yeet.Roomies;
				PRODUCT_NAME = "$(TARGET_NAME)";
				SWIFT_VERSION = 5.0;
				TARGETED_DEVICE_FAMILY = "1,2";
			};
			name = Release;
		};
/* End XCBuildConfiguration section */

/* Begin XCConfigurationList section */
		8A1A86EB236D3C2C009D1D02 /* Build configuration list for PBXProject "Roomies" */ = {
			isa = XCConfigurationList;
			buildConfigurations = (
				8A1A8702236D3C2F009D1D02 /* Debug */,
				8A1A8703236D3C2F009D1D02 /* Release */,
			);
			defaultConfigurationIsVisible = 0;
			defaultConfigurationName = Release;
		};
		8A1A8704236D3C2F009D1D02 /* Build configuration list for PBXNativeTarget "Roomies" */ = {
			isa = XCConfigurationList;
			buildConfigurations = (
				8A1A8705236D3C2F009D1D02 /* Debug */,
				8A1A8706236D3C2F009D1D02 /* Release */,
			);
			defaultConfigurationIsVisible = 0;
			defaultConfigurationName = Release;
		};
/* End XCConfigurationList section */
	};
	rootObject = 8A1A86E8236D3C2C009D1D02 /* Project object */;
}
